{
  "name": "ricks-door-queue",
  "version": "1.0.0",
  "lockfileVersion": 2,
  "requires": true,
  "packages": {
    "": {
      "name": "ricks-door-queue",
      "version": "1.0.0",
      "license": "MIT",
      "dependencies": {
        "@types/director": "^1.2.1",
        "@types/node-cron": "^3.0.1",
        "director": "^1.2.8",
        "eta": "^1.12.3",
        "node-cron": "^3.0.0"
      },
      "engines": {
        "node": "14.18.2",
        "npm": "6.14.15"
      }
    },
    "node_modules/@types/director": {
      "version": "1.2.1",
      "resolved": "https://registry.npmjs.org/@types/director/-/director-1.2.1.tgz",
      "integrity": "sha512-7lzTPe9+gnANLt/oEDGF/E/pUSS3ar3xdCuhWxpZZbbBxp33b+9bbHRyiCuDap4Cf4EHnjxva1iFHhzSIgSQ7w==",
      "dependencies": {
        "@types/node": "*"
      }
    },
    "node_modules/@types/node": {
      "version": "17.0.10",
      "resolved": "https://registry.npmjs.org/@types/node/-/node-17.0.10.tgz",
      "integrity": "sha512-S/3xB4KzyFxYGCppyDt68yzBU9ysL88lSdIah4D6cptdcltc4NCPCAMc0+PCpg/lLIyC7IPvj2Z52OJWeIUkog=="
    },
    "node_modules/@types/node-cron": {
      "version": "3.0.1",
      "resolved": "https://registry.npmjs.org/@types/node-cron/-/node-cron-3.0.1.tgz",
      "integrity": "sha512-BkMHHonDT8NJUE/pQ3kr5v2GLDKm5or9btLBoBx4F2MB2cuqYC748LYMDC55VlrLI5qZZv+Qgc3m4P3dBPcmeg=="
    },
    "node_modules/director": {
      "version": "1.2.8",
      "resolved": "https://registry.npmjs.org/director/-/director-1.2.8.tgz",
      "integrity": "sha1-xtm03YkOmv9TZRg/6cyOc5lM8tU=",
      "engines": {
        "node": ">= 0.8.0"
      }
    },
    "node_modules/eta": {
      "version": "1.12.3",
      "resolved": "https://registry.npmjs.org/eta/-/eta-1.12.3.tgz",
      "integrity": "sha512-qHixwbDLtekO/d51Yr4glcaUJCIjGVJyTzuqV4GPlgZo1YpgOKG+avQynErZIYrfM6JIJdtiG2Kox8tbb+DoGg==",
      "engines": {
        "node": ">=6.0.0"
      },
      "funding": {
        "url": "https://github.com/eta-dev/eta?sponsor=1"
      }
    },
    "node_modules/moment": {
      "version": "2.29.1",
      "resolved": "https://registry.npmjs.org/moment/-/moment-2.29.1.tgz",
      "integrity": "sha512-kHmoybcPV8Sqy59DwNDY3Jefr64lK/by/da0ViFcuA4DH0vQg5Q6Ze5VimxkfQNSC+Mls/Kx53s7TjP1RhFEDQ==",
      "engines": {
        "node": "*"
      }
    },
    "node_modules/moment-timezone": {
      "version": "0.5.34",
      "resolved": "https://registry.npmjs.org/moment-timezone/-/moment-timezone-0.5.34.tgz",
      "integrity": "sha512-3zAEHh2hKUs3EXLESx/wsgw6IQdusOT8Bxm3D9UrHPQR7zlMmzwybC8zHEM1tQ4LJwP7fcxrWr8tuBg05fFCbg==",
      "dependencies": {
        "moment": ">= 2.9.0"
      },
      "engines": {
        "node": "*"
      }
    },
    "node_modules/node-cron": {
      "version": "3.0.0",
      "resolved": "https://registry.npmjs.org/node-cron/-/node-cron-3.0.0.tgz",
      "integrity": "sha512-DDwIvvuCwrNiaU7HEivFDULcaQualDv7KoNlB/UU1wPW0n1tDEmBJKhEIE6DlF2FuoOHcNbLJ8ITL2Iv/3AWmA==",
      "dependencies": {
        "moment-timezone": "^0.5.31"
      },
      "engines": {
        "node": ">=6.0.0"
      }
    }
  },
  "dependencies": {
    "@types/director": {
      "version": "1.2.1",
      "resolved": "https://registry.npmjs.org/@types/director/-/director-1.2.1.tgz",
      "integrity": "sha512-7lzTPe9+gnANLt/oEDGF/E/pUSS3ar3xdCuhWxpZZbbBxp33b+9bbHRyiCuDap4Cf4EHnjxva1iFHhzSIgSQ7w==",
      "requires": {
        "@types/node": "*"
      }
    },
    "@types/node": {
      "version": "17.0.10",
      "resolved": "https://registry.npmjs.org/@types/node/-/node-17.0.10.tgz",
      "integrity": "sha512-S/3xB4KzyFxYGCppyDt68yzBU9ysL88lSdIah4D6cptdcltc4NCPCAMc0+PCpg/lLIyC7IPvj2Z52OJWeIUkog=="
    },
    "@types/node-cron": {
      "version": "3.0.1",
      "resolved": "https://registry.npmjs.org/@types/node-cron/-/node-cron-3.0.1.tgz",
      "integrity": "sha512-BkMHHonDT8NJUE/pQ3kr5v2GLDKm5or9btLBoBx4F2MB2cuqYC748LYMDC55VlrLI5qZZv+Qgc3m4P3dBPcmeg=="
    },
    "director": {
      "version": "1.2.8",
      "resolved": "https://registry.npmjs.org/director/-/director-1.2.8.tgz",
      "integrity": "sha1-xtm03YkOmv9TZRg/6cyOc5lM8tU="
    },
    "eta": {
      "version": "1.12.3",
      "resolved": "https://registry.npmjs.org/eta/-/eta-1.12.3.tgz",
      "integrity": "sha512-qHixwbDLtekO/d51Yr4glcaUJCIjGVJyTzuqV4GPlgZo1YpgOKG+avQynErZIYrfM6JIJdtiG2Kox8tbb+DoGg=="
    },
    "moment": {
      "version": "2.29.1",
      "resolved": "https://registry.npmjs.org/moment/-/moment-2.29.1.tgz",
      "integrity": "sha512-kHmoybcPV8Sqy59DwNDY3Jefr64lK/by/da0ViFcuA4DH0vQg5Q6Ze5VimxkfQNSC+Mls/Kx53s7TjP1RhFEDQ=="
    },
    "moment-timezone": {
      "version": "0.5.34",
      "resolved": "https://registry.npmjs.org/moment-timezone/-/moment-timezone-0.5.34.tgz",
      "integrity": "sha512-3zAEHh2hKUs3EXLESx/wsgw6IQdusOT8Bxm3D9UrHPQR7zlMmzwybC8zHEM1tQ4LJwP7fcxrWr8tuBg05fFCbg==",
      "requires": {
        "moment": ">= 2.9.0"
      }
    },
    "node-cron": {
      "version": "3.0.0",
      "resolved": "https://registry.npmjs.org/node-cron/-/node-cron-3.0.0.tgz",
      "integrity": "sha512-DDwIvvuCwrNiaU7HEivFDULcaQualDv7KoNlB/UU1wPW0n1tDEmBJKhEIE6DlF2FuoOHcNbLJ8ITL2Iv/3AWmA==",
      "requires": {
        "moment-timezone": "^0.5.31"
      }
    }
  }
}
